
Microsoft Visual Studio Solution File, Format Version 12.00
# Visual Studio Version 17
VisualStudioVersion = 17.2.32526.322
MinimumVisualStudioVersion = 10.0.40219.1
Project("{FAE04EC0-301F-11D3-BF4B-00C04F79EFBC}") = "Lil.Customers", "Lil.Customers\Lil.Customers.csproj", "{28081FE1-9077-4912-A995-05A9E9639FC1}"
EndProject
Project("{FAE04EC0-301F-11D3-BF4B-00C04F79EFBC}") = "Lil.Products", "Lil.Products\Lil.Products.csproj", "{BA3D880A-F2C1-4905-85CA-69B4E9BC2F6A}"
EndProject
Project("{FAE04EC0-301F-11D3-BF4B-00C04F79EFBC}") = "Lil.Sales", "Lil.Sales\Lil.Sales.csproj", "{CA32D9F5-A451-472D-8DCF-96498CC4CADA}"
EndProject
Project("{FAE04EC0-301F-11D3-BF4B-00C04F79EFBC}") = "Lil.Search", "Lil.Search\Lil.Search.csproj", "{00835D29-98EF-4B6F-98E1-69A16F8C34AB}"
EndProject
Global
	GlobalSection(SolutionConfigurationPlatforms) = preSolution
		Debug|Any CPU = Debug|Any CPU
		Release|Any CPU = Release|Any CPU
	EndGlobalSection
	GlobalSection(ProjectConfigurationPlatforms) = postSolution
		{28081FE1-9077-4912-A995-05A9E9639FC1}.Debug|Any CPU.ActiveCfg = Debug|Any CPU
		{28081FE1-9077-4912-A995-05A9E9639FC1}.Debug|Any CPU.Build.0 = Debug|Any CPU
		{28081FE1-9077-4912-A995-05A9E9639FC1}.Release|Any CPU.ActiveCfg = Release|Any CPU
		{28081FE1-9077-4912-A995-05A9E9639FC1}.Release|Any CPU.Build.0 = Release|Any CPU
		{BA3D880A-F2C1-4905-85CA-69B4E9BC2F6A}.Debug|Any CPU.ActiveCfg = Debug|Any CPU
		{BA3D880A-F2C1-4905-85CA-69B4E9BC2F6A}.Debug|Any CPU.Build.0 = Debug|Any CPU
		{BA3D880A-F2C1-4905-85CA-69B4E9BC2F6A}.Release|Any CPU.ActiveCfg = Release|Any CPU
		{BA3D880A-F2C1-4905-85CA-69B4E9BC2F6A}.Release|Any CPU.Build.0 = Release|Any CPU
		{CA32D9F5-A451-472D-8DCF-96498CC4CADA}.Debug|Any CPU.ActiveCfg = Debug|Any CPU
		{CA32D9F5-A451-472D-8DCF-96498CC4CADA}.Debug|Any CPU.Build.0 = Debug|Any CPU
		{CA32D9F5-A451-472D-8DCF-96498CC4CADA}.Release|Any CPU.ActiveCfg = Release|Any CPU
		{CA32D9F5-A451-472D-8DCF-96498CC4CADA}.Release|Any CPU.Build.0 = Release|Any CPU
		{00835D29-98EF-4B6F-98E1-69A16F8C34AB}.Debug|Any CPU.ActiveCfg = Debug|Any CPU
		{00835D29-98EF-4B6F-98E1-69A16F8C34AB}.Debug|Any CPU.Build.0 = Debug|Any CPU
		{00835D29-98EF-4B6F-98E1-69A16F8C34AB}.Release|Any CPU.ActiveCfg = Release|Any CPU
		{00835D29-98EF-4B6F-98E1-69A16F8C34AB}.Release|Any CPU.Build.0 = Release|Any CPU
	EndGlobalSection
	GlobalSection(SolutionProperties) = preSolution
		HideSolutionNode = FALSE
	EndGlobalSection
	GlobalSection(ExtensibilityGlobals) = postSolution
		SolutionGuid = {FF093529-377A-4818-926C-5EB4DB3B6A6F}
	EndGlobalSection
EndGlobal
